// !$*UTF8*$!
{
	archiveVersion = 1;
	classes = {
	};
	objectVersion = 46;
	objects = {

/* Begin PBXBuildFile section */
		C30325C01C7A67F400A7C8CC /* wumpus_2.txt in CopyFiles */ = {isa = PBXBuildFile; fileRef = C30325BF1C7A679100A7C8CC /* wumpus_2.txt */; };
		C33BBCC11C7BD96400863E22 /* CLIWumpusWorld.cpp in Sources */ = {isa = PBXBuildFile; fileRef = C33BBCBF1C7BD96400863E22 /* CLIWumpusWorld.cpp */; };
		C3628D751C668D380033E9A1 /* WumpusWorld.cpp in Sources */ = {isa = PBXBuildFile; fileRef = C3628D731C668D380033E9A1 /* WumpusWorld.cpp */; };
		C3A5DB881C5E9AE40001FA22 /* main.cpp in Sources */ = {isa = PBXBuildFile; fileRef = C3A5DB871C5E9AE40001FA22 /* main.cpp */; };
		C3A5DBA91C5F0DE70001FA22 /* wumpus_1.txt in CopyFiles */ = {isa = PBXBuildFile; fileRef = C3A5DBA81C5F0DCA0001FA22 /* wumpus_1.txt */; };
		C3C63D8F1C7D165400E55C9C /* AStarWumpusWorld.cpp in Sources */ = {isa = PBXBuildFile; fileRef = C3C63D8D1C7D165400E55C9C /* AStarWumpusWorld.cpp */; };
/* End PBXBuildFile section */

/* Begin PBXCopyFilesBuildPhase section */
		C3A5DB821C5E9AE40001FA22 /* CopyFiles */ = {
			isa = PBXCopyFilesBuildPhase;
			buildActionMask = 12;
			dstPath = "";
			dstSubfolderSpec = 16;
			files = (
				C30325C01C7A67F400A7C8CC /* wumpus_2.txt in CopyFiles */,
				C3A5DBA91C5F0DE70001FA22 /* wumpus_1.txt in CopyFiles */,
			);
			runOnlyForDeploymentPostprocessing = 0;
		};
/* End PBXCopyFilesBuildPhase section */

/* Begin PBXFileReference section */
		C30325BF1C7A679100A7C8CC /* wumpus_2.txt */ = {isa = PBXFileReference; fileEncoding = 4; lastKnownFileType = text; path = wumpus_2.txt; sourceTree = "<group>"; };
		C30325C11C7A80C900A7C8CC /* GreedyWumpusWorld.cpp */ = {isa = PBXFileReference; fileEncoding = 4; lastKnownFileType = sourcecode.cpp.cpp; path = GreedyWumpusWorld.cpp; sourceTree = "<group>"; };
		C30325C21C7A80C900A7C8CC /* GreedyWumpusWorld.hpp */ = {isa = PBXFileReference; fileEncoding = 4; lastKnownFileType = sourcecode.cpp.h; path = GreedyWumpusWorld.hpp; sourceTree = "<group>"; };
		C33BBCBF1C7BD96400863E22 /* CLIWumpusWorld.cpp */ = {isa = PBXFileReference; fileEncoding = 4; lastKnownFileType = sourcecode.cpp.cpp; path = CLIWumpusWorld.cpp; sourceTree = "<group>"; };
		C33BBCC01C7BD96400863E22 /* CLIWumpusWorld.hpp */ = {isa = PBXFileReference; fileEncoding = 4; lastKnownFileType = sourcecode.cpp.h; path = CLIWumpusWorld.hpp; sourceTree = "<group>"; };
		C3628D731C668D380033E9A1 /* WumpusWorld.cpp */ = {isa = PBXFileReference; fileEncoding = 4; lastKnownFileType = sourcecode.cpp.cpp; path = WumpusWorld.cpp; sourceTree = "<group>"; };
		C3628D741C668D380033E9A1 /* WumpusWorld.hpp */ = {isa = PBXFileReference; fileEncoding = 4; lastKnownFileType = sourcecode.cpp.h; path = WumpusWorld.hpp; sourceTree = "<group>"; };
		C362C8841C605CFB000E3FBA /* makefile */ = {isa = PBXFileReference; fileEncoding = 4; lastKnownFileType = sourcecode.make; path = makefile; sourceTree = "<group>"; };
		C362C8861C605D0C000E3FBA /* README.txt */ = {isa = PBXFileReference; fileEncoding = 4; lastKnownFileType = text; path = README.txt; sourceTree = "<group>"; };
		C3A5DB841C5E9AE40001FA22 /* WumpusWorld */ = {isa = PBXFileReference; explicitFileType = "compiled.mach-o.executable"; includeInIndex = 0; path = WumpusWorld; sourceTree = BUILT_PRODUCTS_DIR; };
		C3A5DB871C5E9AE40001FA22 /* main.cpp */ = {isa = PBXFileReference; lastKnownFileType = sourcecode.cpp.cpp; path = main.cpp; sourceTree = "<group>"; };
		C3A5DBA81C5F0DCA0001FA22 /* wumpus_1.txt */ = {isa = PBXFileReference; fileEncoding = 4; lastKnownFileType = text; path = wumpus_1.txt; sourceTree = "<group>"; };
		C3C63D8D1C7D165400E55C9C /* AStarWumpusWorld.cpp */ = {isa = PBXFileReference; fileEncoding = 4; lastKnownFileType = sourcecode.cpp.cpp; path = AStarWumpusWorld.cpp; sourceTree = "<group>"; };
		C3C63D8E1C7D165400E55C9C /* AStarWumpusWorld.hpp */ = {isa = PBXFileReference; fileEncoding = 4; lastKnownFileType = sourcecode.cpp.h; path = AStarWumpusWorld.hpp; sourceTree = "<group>"; };
/* End PBXFileReference section */

/* Begin PBXFrameworksBuildPhase section */
		C3A5DB811C5E9AE40001FA22 /* Frameworks */ = {
			isa = PBXFrameworksBuildPhase;
			buildActionMask = 2147483647;
			files = (
			);
			runOnlyForDeploymentPostprocessing = 0;
		};
/* End PBXFrameworksBuildPhase section */

/* Begin PBXGroup section */
		C3A5DB7B1C5E9AE40001FA22 = {
			isa = PBXGroup;
			children = (
				C3A5DB861C5E9AE40001FA22 /* WumpusWorld */,
				C3A5DB851C5E9AE40001FA22 /* Products */,
			);
			sourceTree = "<group>";
		};
		C3A5DB851C5E9AE40001FA22 /* Products */ = {
			isa = PBXGroup;
			children = (
				C3A5DB841C5E9AE40001FA22 /* WumpusWorld */,
			);
			name = Products;
			sourceTree = "<group>";
		};
		C3A5DB861C5E9AE40001FA22 /* WumpusWorld */ = {
			isa = PBXGroup;
			children = (
				C3C63D8D1C7D165400E55C9C /* AStarWumpusWorld.cpp */,
				C3C63D8E1C7D165400E55C9C /* AStarWumpusWorld.hpp */,
				C30325C11C7A80C900A7C8CC /* GreedyWumpusWorld.cpp */,
				C30325C21C7A80C900A7C8CC /* GreedyWumpusWorld.hpp */,
				C33BBCBF1C7BD96400863E22 /* CLIWumpusWorld.cpp */,
				C33BBCC01C7BD96400863E22 /* CLIWumpusWorld.hpp */,
				C3628D731C668D380033E9A1 /* WumpusWorld.cpp */,
				C3628D741C668D380033E9A1 /* WumpusWorld.hpp */,
				C30325BF1C7A679100A7C8CC /* wumpus_2.txt */,
				C3A5DBA81C5F0DCA0001FA22 /* wumpus_1.txt */,
				C362C8841C605CFB000E3FBA /* makefile */,
				C362C8861C605D0C000E3FBA /* README.txt */,
				C3A5DB871C5E9AE40001FA22 /* main.cpp */,
			);
			path = WumpusWorld;
			sourceTree = "<group>";
		};
/* End PBXGroup section */

/* Begin PBXNativeTarget section */
		C3A5DB831C5E9AE40001FA22 /* WumpusWorld */ = {
			isa = PBXNativeTarget;
			buildConfigurationList = C3A5DB8B1C5E9AE40001FA22 /* Build configuration list for PBXNativeTarget "WumpusWorld" */;
			buildPhases = (
				C3A5DB801C5E9AE40001FA22 /* Sources */,
				C3A5DB811C5E9AE40001FA22 /* Frameworks */,
				C3A5DB821C5E9AE40001FA22 /* CopyFiles */,
			);
			buildRules = (
			);
			dependencies = (
			);
			name = WumpusWorld;
			productName = WumpusWorld;
			productReference = C3A5DB841C5E9AE40001FA22 /* WumpusWorld */;
			productType = "com.apple.product-type.tool";
		};
/* End PBXNativeTarget section */

/* Begin PBXProject section */
		C3A5DB7C1C5E9AE40001FA22 /* Project object */ = {
			isa = PBXProject;
			attributes = {
				LastUpgradeCheck = 0720;
				ORGANIZATIONNAME = "Matias Barcenas";
				TargetAttributes = {
					C3A5DB831C5E9AE40001FA22 = {
						CreatedOnToolsVersion = 7.2;
					};
				};
			};
			buildConfigurationList = C3A5DB7F1C5E9AE40001FA22 /* Build configuration list for PBXProject "WumpusWorld" */;
			compatibilityVersion = "Xcode 3.2";
			developmentRegion = English;
			hasScannedForEncodings = 0;
			knownRegions = (
				en,
			);
			mainGroup = C3A5DB7B1C5E9AE40001FA22;
			productRefGroup = C3A5DB851C5E9AE40001FA22 /* Products */;
			projectDirPath = "";
			projectRoot = "";
			targets = (
				C3A5DB831C5E9AE40001FA22 /* WumpusWorld */,
			);
		};
/* End PBXProject section */

/* Begin PBXSourcesBuildPhase section */
		C3A5DB801C5E9AE40001FA22 /* Sources */ = {
			isa = PBXSourcesBuildPhase;
			buildActionMask = 2147483647;
			files = (
				C33BBCC11C7BD96400863E22 /* CLIWumpusWorld.cpp in Sources */,
				C3A5DB881C5E9AE40001FA22 /* main.cpp in Sources */,
				C3C63D8F1C7D165400E55C9C /* AStarWumpusWorld.cpp in Sources */,
				C3628D751C668D380033E9A1 /* WumpusWorld.cpp in Sources */,
			);
			runOnlyForDeploymentPostprocessing = 0;
		};
/* End PBXSourcesBuildPhase section */

/* Begin XCBuildConfiguration section */
		C3A5DB891C5E9AE40001FA22 /* Debug */ = {
			isa = XCBuildConfiguration;
			buildSettings = {
				ALWAYS_SEARCH_USER_PATHS = NO;
				CLANG_CXX_LANGUAGE_STANDARD = "gnu++0x";
				CLANG_CXX_LIBRARY = "libc++";
				CLANG_ENABLE_MODULES = YES;
				CLANG_ENABLE_OBJC_ARC = YES;
				CLANG_WARN_BOOL_CONVERSION = YES;
				CLANG_WARN_CONSTANT_CONVERSION = YES;
				CLANG_WARN_DIRECT_OBJC_ISA_USAGE = YES_ERROR;
				CLANG_WARN_EMPTY_BODY = YES;
				CLANG_WARN_ENUM_CONVERSION = YES;
				CLANG_WARN_INT_CONVERSION = YES;
				CLANG_WARN_OBJC_ROOT_CLASS = YES_ERROR;
				CLANG_WARN_UNREACHABLE_CODE = YES;
				CLANG_WARN__DUPLICATE_METHOD_MATCH = YES;
				CODE_SIGN_IDENTITY = "-";
				COPY_PHASE_STRIP = NO;
				DEBUG_INFORMATION_FORMAT = dwarf;
				ENABLE_STRICT_OBJC_MSGSEND = YES;
				ENABLE_TESTABILITY = YES;
				GCC_C_LANGUAGE_STANDARD = gnu99;
				GCC_DYNAMIC_NO_PIC = NO;
				GCC_NO_COMMON_BLOCKS = YES;
				GCC_OPTIMIZATION_LEVEL = 0;
				GCC_PREPROCESSOR_DEFINITIONS = (
					"DEBUG=1",
					"$(inherited)",
				);
				GCC_WARN_64_TO_32_BIT_CONVERSION = YES;
				GCC_WARN_ABOUT_RETURN_TYPE = YES_ERROR;
				GCC_WARN_UNDECLARED_SELECTOR = YES;
				GCC_WARN_UNINITIALIZED_AUTOS = YES_AGGRESSIVE;
				GCC_WARN_UNUSED_FUNCTION = YES;
				GCC_WARN_UNUSED_VARIABLE = YES;
				MACOSX_DEPLOYMENT_TARGET = 10.11;
				MTL_ENABLE_DEBUG_INFO = YES;
				ONLY_ACTIVE_ARCH = YES;
				SDKROOT = macosx;
			};
			name = Debug;
		};
		C3A5DB8A1C5E9AE40001FA22 /* Release */ = {
			isa = XCBuildConfiguration;
			buildSettings = {
				ALWAYS_SEARCH_USER_PATHS = NO;
				CLANG_CXX_LANGUAGE_STANDARD = "gnu++0x";
				CLANG_CXX_LIBRARY = "libc++";
				CLANG_ENABLE_MODULES = YES;
				CLANG_ENABLE_OBJC_ARC = YES;
				CLANG_WARN_BOOL_CONVERSION = YES;
				CLANG_WARN_CONSTANT_CONVERSION = YES;
				CLANG_WARN_DIRECT_OBJC_ISA_USAGE = YES_ERROR;
				CLANG_WARN_EMPTY_BODY = YES;
				CLANG_WARN_ENUM_CONVERSION = YES;
				CLANG_WARN_INT_CONVERSION = YES;
				CLANG_WARN_OBJC_ROOT_CLASS = YES_ERROR;
				CLANG_WARN_UNREACHABLE_CODE = YES;
				CLANG_WARN__DUPLICATE_METHOD_MATCH = YES;
				CODE_SIGN_IDENTITY = "-";
				COPY_PHASE_STRIP = NO;
				DEBUG_INFORMATION_FORMAT = "dwarf-with-dsym";
				ENABLE_NS_ASSERTIONS = NO;
				ENABLE_STRICT_OBJC_MSGSEND = YES;
				GCC_C_LANGUAGE_STANDARD = gnu99;
				GCC_NO_COMMON_BLOCKS = YES;
				GCC_WARN_64_TO_32_BIT_CONVERSION = YES;
				GCC_WARN_ABOUT_RETURN_TYPE = YES_ERROR;
				GCC_WARN_UNDECLARED_SELECTOR = YES;
				GCC_WARN_UNINITIALIZED_AUTOS = YES_AGGRESSIVE;
				GCC_WARN_UNUSED_FUNCTION = YES;
				GCC_WARN_UNUSED_VARIABLE = YES;
				MACOSX_DEPLOYMENT_TARGET = 10.11;
				MTL_ENABLE_DEBUG_INFO = NO;
				SDKROOT = macosx;
			};
			name = Release;
		};
		C3A5DB8C1C5E9AE40001FA22 /* Debug */ = {
			isa = XCBuildConfiguration;
			buildSettings = {
				PRODUCT_NAME = "$(TARGET_NAME)";
			};
			name = Debug;
		};
		C3A5DB8D1C5E9AE40001FA22 /* Release */ = {
			isa = XCBuildConfiguration;
			buildSettings = {
				PRODUCT_NAME = "$(TARGET_NAME)";
			};
			name = Release;
		};
/* End XCBuildConfiguration section */

/* Begin XCConfigurationList section */
		C3A5DB7F1C5E9AE40001FA22 /* Build configuration list for PBXProject "WumpusWorld" */ = {
			isa = XCConfigurationList;
			buildConfigurations = (
				C3A5DB891C5E9AE40001FA22 /* Debug */,
				C3A5DB8A1C5E9AE40001FA22 /* Release */,
			);
			defaultConfigurationIsVisible = 0;
			defaultConfigurationName = Release;
		};
		C3A5DB8B1C5E9AE40001FA22 /* Build configuration list for PBXNativeTarget "WumpusWorld" */ = {
			isa = XCConfigurationList;
			buildConfigurations = (
				C3A5DB8C1C5E9AE40001FA22 /* Debug */,
				C3A5DB8D1C5E9AE40001FA22 /* Release */,
			);
			defaultConfigurationIsVisible = 0;
			defaultConfigurationName = Release;
		};
/* End XCConfigurationList section */
	};
	rootObject = C3A5DB7C1C5E9AE40001FA22 /* Project object */;
}
